
Microsoft Visual Studio Solution File, Format Version 12.00
# Visual Studio Version 17
VisualStudioVersion = 17.1.32210.238
MinimumVisualStudioVersion = 10.0.40219.1
Project("{9A19103F-16F7-4668-BE54-9A1E7A4F7556}") = "CSharp_FinalProject", "CSharp_FinalProject.csproj", "{B0551C5B-8D4E-493F-94AA-2E8727FFFE33}"
EndProject
Project("{FAE04EC0-301F-11D3-BF4B-00C04F79EFBC}") = "API", "..\API\API.csproj", "{53E8C5CD-2C1F-4B26-BDF3-261309A7CEB7}"
EndProject
Global
	GlobalSection(SolutionConfigurationPlatforms) = preSolution
		Debug|Any CPU = Debug|Any CPU
		Release|Any CPU = Release|Any CPU
	EndGlobalSection
	GlobalSection(ProjectConfigurationPlatforms) = postSolution
		{B0551C5B-8D4E-493F-94AA-2E8727FFFE33}.Debug|Any CPU.ActiveCfg = Debug|Any CPU
		{B0551C5B-8D4E-493F-94AA-2E8727FFFE33}.Debug|Any CPU.Build.0 = Debug|Any CPU
		{B0551C5B-8D4E-493F-94AA-2E8727FFFE33}.Release|Any CPU.ActiveCfg = Release|Any CPU
		{B0551C5B-8D4E-493F-94AA-2E8727FFFE33}.Release|Any CPU.Build.0 = Release|Any CPU
		{53E8C5CD-2C1F-4B26-BDF3-261309A7CEB7}.Debug|Any CPU.ActiveCfg = Debug|Any CPU
		{53E8C5CD-2C1F-4B26-BDF3-261309A7CEB7}.Debug|Any CPU.Build.0 = Debug|Any CPU
		{53E8C5CD-2C1F-4B26-BDF3-261309A7CEB7}.Release|Any CPU.ActiveCfg = Release|Any CPU
		{53E8C5CD-2C1F-4B26-BDF3-261309A7CEB7}.Release|Any CPU.Build.0 = Release|Any CPU
	EndGlobalSection
	GlobalSection(SolutionProperties) = preSolution
		HideSolutionNode = FALSE
	EndGlobalSection
	GlobalSection(ExtensibilityGlobals) = postSolution
		SolutionGuid = {F45A3BE5-6BCC-4832-8D5A-A642AC1B7CE2}
	EndGlobalSection
EndGlobal
